
Microsoft Visual Studio Solution File, Format Version 12.00
# Visual Studio Version 16
VisualStudioVersion = 16.0.29609.76
MinimumVisualStudioVersion = 10.0.40219.1
Project("{F184B08F-C81C-45F6-A57F-5ABD9991F28F}") = "Pic2PenDrawing", "Pic2PenDrawing\Pic2PenDrawing.vbproj", "{11B865C8-07FA-4FA5-B7FF-4B1AA2A00F5B}"
EndProject
Global
	GlobalSection(SolutionConfigurationPlatforms) = preSolution
		Debug|Any CPU = Debug|Any CPU
		Release|Any CPU = Release|Any CPU
	EndGlobalSection
	GlobalSection(ProjectConfigurationPlatforms) = postSolution
		{11B865C8-07FA-4FA5-B7FF-4B1AA2A00F5B}.Debug|Any CPU.ActiveCfg = Debug|Any CPU
		{11B865C8-07FA-4FA5-B7FF-4B1AA2A00F5B}.Debug|Any CPU.Build.0 = Debug|Any CPU
		{11B865C8-07FA-4FA5-B7FF-4B1AA2A00F5B}.Release|Any CPU.ActiveCfg = Release|Any CPU
		{11B865C8-07FA-4FA5-B7FF-4B1AA2A00F5B}.Release|Any CPU.Build.0 = Release|Any CPU
	EndGlobalSection
	GlobalSection(SolutionProperties) = preSolution
		HideSolutionNode = FALSE
	EndGlobalSection
	GlobalSection(ExtensibilityGlobals) = postSolution
		SolutionGuid = {0755A914-9113-498A-AE1D-7FEE86316CC2}
	EndGlobalSection
EndGlobal
